// !$*UTF8*$!
{
	archiveVersion = 1;
	classes = {
	};
	objectVersion = 46;
	objects = {

/* Begin PBXBuildFile section */
		D8F6397E1AC4C02D00A1BBB2 /* main.m in Sources */ = {isa = PBXBuildFile; fileRef = D8F6397D1AC4C02D00A1BBB2 /* main.m */; };
		D8F639811AC4C02D00A1BBB2 /* AppDelegate.m in Sources */ = {isa = PBXBuildFile; fileRef = D8F639801AC4C02D00A1BBB2 /* AppDelegate.m */; };
		D8F639841AC4C02D00A1BBB2 /* ViewController.m in Sources */ = {isa = PBXBuildFile; fileRef = D8F639831AC4C02D00A1BBB2 /* ViewController.m */; };
		D8F639871AC4C02D00A1BBB2 /* Main.storyboard in Resources */ = {isa = PBXBuildFile; fileRef = D8F639851AC4C02D00A1BBB2 /* Main.storyboard */; };
		D8F639891AC4C02D00A1BBB2 /* Images.xcassets in Resources */ = {isa = PBXBuildFile; fileRef = D8F639881AC4C02D00A1BBB2 /* Images.xcassets */; };
		D8F6398C1AC4C02D00A1BBB2 /* LaunchScreen.xib in Resources */ = {isa = PBXBuildFile; fileRef = D8F6398A1AC4C02D00A1BBB2 /* LaunchScreen.xib */; };
		D8F639981AC4C02E00A1BBB2 /* dontbelate_v01Tests.m in Sources */ = {isa = PBXBuildFile; fileRef = D8F639971AC4C02E00A1BBB2 /* dontbelate_v01Tests.m */; };
		D8F639A31AC4CCE100A1BBB2 /* EventTableViewController.m in Sources */ = {isa = PBXBuildFile; fileRef = D8F639A21AC4CCE100A1BBB2 /* EventTableViewController.m */; };
		D8F639A81AC4CE1000A1BBB2 /* Event.m in Sources */ = {isa = PBXBuildFile; fileRef = D8F639A71AC4CE1000A1BBB2 /* Event.m */; };
/* End PBXBuildFile section */

/* Begin PBXContainerItemProxy section */
		D8F639921AC4C02E00A1BBB2 /* PBXContainerItemProxy */ = {
			isa = PBXContainerItemProxy;
			containerPortal = D8F639701AC4C02D00A1BBB2 /* Project object */;
			proxyType = 1;
			remoteGlobalIDString = D8F639771AC4C02D00A1BBB2;
			remoteInfo = dontbelate_v01;
		};
/* End PBXContainerItemProxy section */

/* Begin PBXFileReference section */
		D8F639781AC4C02D00A1BBB2 /* dontbelate_v01.app */ = {isa = PBXFileReference; explicitFileType = wrapper.application; includeInIndex = 0; path = dontbelate_v01.app; sourceTree = BUILT_PRODUCTS_DIR; };
		D8F6397C1AC4C02D00A1BBB2 /* Info.plist */ = {isa = PBXFileReference; lastKnownFileType = text.plist.xml; path = Info.plist; sourceTree = "<group>"; };
		D8F6397D1AC4C02D00A1BBB2 /* main.m */ = {isa = PBXFileReference; lastKnownFileType = sourcecode.c.objc; path = main.m; sourceTree = "<group>"; };
		D8F6397F1AC4C02D00A1BBB2 /* AppDelegate.h */ = {isa = PBXFileReference; lastKnownFileType = sourcecode.c.h; path = AppDelegate.h; sourceTree = "<group>"; };
		D8F639801AC4C02D00A1BBB2 /* AppDelegate.m */ = {isa = PBXFileReference; lastKnownFileType = sourcecode.c.objc; path = AppDelegate.m; sourceTree = "<group>"; };
		D8F639821AC4C02D00A1BBB2 /* ViewController.h */ = {isa = PBXFileReference; lastKnownFileType = sourcecode.c.h; path = ViewController.h; sourceTree = "<group>"; };
		D8F639831AC4C02D00A1BBB2 /* ViewController.m */ = {isa = PBXFileReference; lastKnownFileType = sourcecode.c.objc; path = ViewController.m; sourceTree = "<group>"; };
		D8F639861AC4C02D00A1BBB2 /* Base */ = {isa = PBXFileReference; lastKnownFileType = file.storyboard; name = Base; path = Base.lproj/Main.storyboard; sourceTree = "<group>"; };
		D8F639881AC4C02D00A1BBB2 /* Images.xcassets */ = {isa = PBXFileReference; lastKnownFileType = folder.assetcatalog; path = Images.xcassets; sourceTree = "<group>"; };
		D8F6398B1AC4C02D00A1BBB2 /* Base */ = {isa = PBXFileReference; lastKnownFileType = file.xib; name = Base; path = Base.lproj/LaunchScreen.xib; sourceTree = "<group>"; };
		D8F639911AC4C02E00A1BBB2 /* dontbelate_v01Tests.xctest */ = {isa = PBXFileReference; explicitFileType = wrapper.cfbundle; includeInIndex = 0; path = dontbelate_v01Tests.xctest; sourceTree = BUILT_PRODUCTS_DIR; };
		D8F639961AC4C02E00A1BBB2 /* Info.plist */ = {isa = PBXFileReference; lastKnownFileType = text.plist.xml; path = Info.plist; sourceTree = "<group>"; };
		D8F639971AC4C02E00A1BBB2 /* dontbelate_v01Tests.m */ = {isa = PBXFileReference; lastKnownFileType = sourcecode.c.objc; path = dontbelate_v01Tests.m; sourceTree = "<group>"; };
		D8F639A11AC4CCE100A1BBB2 /* EventTableViewController.h */ = {isa = PBXFileReference; fileEncoding = 4; lastKnownFileType = sourcecode.c.h; path = EventTableViewController.h; sourceTree = "<group>"; };
		D8F639A21AC4CCE100A1BBB2 /* EventTableViewController.m */ = {isa = PBXFileReference; fileEncoding = 4; lastKnownFileType = sourcecode.c.objc; path = EventTableViewController.m; sourceTree = "<group>"; };
		D8F639A61AC4CE1000A1BBB2 /* Event.h */ = {isa = PBXFileReference; fileEncoding = 4; lastKnownFileType = sourcecode.c.h; path = Event.h; sourceTree = "<group>"; };
		D8F639A71AC4CE1000A1BBB2 /* Event.m */ = {isa = PBXFileReference; fileEncoding = 4; lastKnownFileType = sourcecode.c.objc; path = Event.m; sourceTree = "<group>"; };
/* End PBXFileReference section */

/* Begin PBXFrameworksBuildPhase section */
		D8F639751AC4C02D00A1BBB2 /* Frameworks */ = {
			isa = PBXFrameworksBuildPhase;
			buildActionMask = 2147483647;
			files = (
			);
			runOnlyForDeploymentPostprocessing = 0;
		};
		D8F6398E1AC4C02E00A1BBB2 /* Frameworks */ = {
			isa = PBXFrameworksBuildPhase;
			buildActionMask = 2147483647;
			files = (
			);
			runOnlyForDeploymentPostprocessing = 0;
		};
/* End PBXFrameworksBuildPhase section */

/* Begin PBXGroup section */
		D8F6396F1AC4C02D00A1BBB2 = {
			isa = PBXGroup;
			children = (
				D8F6397A1AC4C02D00A1BBB2 /* dontbelate_v01 */,
				D8F639941AC4C02E00A1BBB2 /* dontbelate_v01Tests */,
				D8F639791AC4C02D00A1BBB2 /* Products */,
			);
			sourceTree = "<group>";
		};
		D8F639791AC4C02D00A1BBB2 /* Products */ = {
			isa = PBXGroup;
			children = (
				D8F639781AC4C02D00A1BBB2 /* dontbelate_v01.app */,
				D8F639911AC4C02E00A1BBB2 /* dontbelate_v01Tests.xctest */,
			);
			name = Products;
			sourceTree = "<group>";
		};
		D8F6397A1AC4C02D00A1BBB2 /* dontbelate_v01 */ = {
			isa = PBXGroup;
			children = (
				D8F6397F1AC4C02D00A1BBB2 /* AppDelegate.h */,
				D8F639801AC4C02D00A1BBB2 /* AppDelegate.m */,
				D8F639821AC4C02D00A1BBB2 /* ViewController.h */,
				D8F639831AC4C02D00A1BBB2 /* ViewController.m */,
				D8F639851AC4C02D00A1BBB2 /* Main.storyboard */,
				D8F639A11AC4CCE100A1BBB2 /* EventTableViewController.h */,
				D8F639A61AC4CE1000A1BBB2 /* Event.h */,
				D8F639A71AC4CE1000A1BBB2 /* Event.m */,
				D8F639A21AC4CCE100A1BBB2 /* EventTableViewController.m */,
				D8F639881AC4C02D00A1BBB2 /* Images.xcassets */,
				D8F6398A1AC4C02D00A1BBB2 /* LaunchScreen.xib */,
				D8F6397B1AC4C02D00A1BBB2 /* Supporting Files */,
			);
			path = dontbelate_v01;
			sourceTree = "<group>";
		};
		D8F6397B1AC4C02D00A1BBB2 /* Supporting Files */ = {
			isa = PBXGroup;
			children = (
				D8F6397C1AC4C02D00A1BBB2 /* Info.plist */,
				D8F6397D1AC4C02D00A1BBB2 /* main.m */,
			);
			name = "Supporting Files";
			sourceTree = "<group>";
		};
		D8F639941AC4C02E00A1BBB2 /* dontbelate_v01Tests */ = {
			isa = PBXGroup;
			children = (
				D8F639971AC4C02E00A1BBB2 /* dontbelate_v01Tests.m */,
				D8F639951AC4C02E00A1BBB2 /* Supporting Files */,
			);
			path = dontbelate_v01Tests;
			sourceTree = "<group>";
		};
		D8F639951AC4C02E00A1BBB2 /* Supporting Files */ = {
			isa = PBXGroup;
			children = (
				D8F639961AC4C02E00A1BBB2 /* Info.plist */,
			);
			name = "Supporting Files";
			sourceTree = "<group>";
		};
/* End PBXGroup section */

/* Begin PBXNativeTarget section */
		D8F639771AC4C02D00A1BBB2 /* dontbelate_v01 */ = {
			isa = PBXNativeTarget;
			buildConfigurationList = D8F6399B1AC4C02E00A1BBB2 /* Build configuration list for PBXNativeTarget "dontbelate_v01" */;
			buildPhases = (
				D8F639741AC4C02D00A1BBB2 /* Sources */,
				D8F639751AC4C02D00A1BBB2 /* Frameworks */,
				D8F639761AC4C02D00A1BBB2 /* Resources */,
			);
			buildRules = (
			);
			dependencies = (
			);
			name = dontbelate_v01;
			productName = dontbelate_v01;
			productReference = D8F639781AC4C02D00A1BBB2 /* dontbelate_v01.app */;
			productType = "com.apple.product-type.application";
		};
		D8F639901AC4C02E00A1BBB2 /* dontbelate_v01Tests */ = {
			isa = PBXNativeTarget;
			buildConfigurationList = D8F6399E1AC4C02E00A1BBB2 /* Build configuration list for PBXNativeTarget "dontbelate_v01Tests" */;
			buildPhases = (
				D8F6398D1AC4C02E00A1BBB2 /* Sources */,
				D8F6398E1AC4C02E00A1BBB2 /* Frameworks */,
				D8F6398F1AC4C02E00A1BBB2 /* Resources */,
			);
			buildRules = (
			);
			dependencies = (
				D8F639931AC4C02E00A1BBB2 /* PBXTargetDependency */,
			);
			name = dontbelate_v01Tests;
			productName = dontbelate_v01Tests;
			productReference = D8F639911AC4C02E00A1BBB2 /* dontbelate_v01Tests.xctest */;
			productType = "com.apple.product-type.bundle.unit-test";
		};
/* End PBXNativeTarget section */

/* Begin PBXProject section */
		D8F639701AC4C02D00A1BBB2 /* Project object */ = {
			isa = PBXProject;
			attributes = {
				LastUpgradeCheck = 0610;
				ORGANIZATIONNAME = nichols;
				TargetAttributes = {
					D8F639771AC4C02D00A1BBB2 = {
						CreatedOnToolsVersion = 6.1.1;
					};
					D8F639901AC4C02E00A1BBB2 = {
						CreatedOnToolsVersion = 6.1.1;
						TestTargetID = D8F639771AC4C02D00A1BBB2;
					};
				};
			};
			buildConfigurationList = D8F639731AC4C02D00A1BBB2 /* Build configuration list for PBXProject "dontbelate_v01" */;
			compatibilityVersion = "Xcode 3.2";
			developmentRegion = English;
			hasScannedForEncodings = 0;
			knownRegions = (
				en,
				Base,
			);
			mainGroup = D8F6396F1AC4C02D00A1BBB2;
			productRefGroup = D8F639791AC4C02D00A1BBB2 /* Products */;
			projectDirPath = "";
			projectRoot = "";
			targets = (
				D8F639771AC4C02D00A1BBB2 /* dontbelate_v01 */,
				D8F639901AC4C02E00A1BBB2 /* dontbelate_v01Tests */,
			);
		};
/* End PBXProject section */

/* Begin PBXResourcesBuildPhase section */
		D8F639761AC4C02D00A1BBB2 /* Resources */ = {
			isa = PBXResourcesBuildPhase;
			buildActionMask = 2147483647;
			files = (
				D8F639871AC4C02D00A1BBB2 /* Main.storyboard in Resources */,
				D8F6398C1AC4C02D00A1BBB2 /* LaunchScreen.xib in Resources */,
				D8F639891AC4C02D00A1BBB2 /* Images.xcassets in Resources */,
			);
			runOnlyForDeploymentPostprocessing = 0;
		};
		D8F6398F1AC4C02E00A1BBB2 /* Resources */ = {
			isa = PBXResourcesBuildPhase;
			buildActionMask = 2147483647;
			files = (
			);
			runOnlyForDeploymentPostprocessing = 0;
		};
/* End PBXResourcesBuildPhase section */

/* Begin PBXSourcesBuildPhase section */
		D8F639741AC4C02D00A1BBB2 /* Sources */ = {
			isa = PBXSourcesBuildPhase;
			buildActionMask = 2147483647;
			files = (
				D8F639841AC4C02D00A1BBB2 /* ViewController.m in Sources */,
				D8F639811AC4C02D00A1BBB2 /* AppDelegate.m in Sources */,
				D8F639A81AC4CE1000A1BBB2 /* Event.m in Sources */,
				D8F639A31AC4CCE100A1BBB2 /* EventTableViewController.m in Sources */,
				D8F6397E1AC4C02D00A1BBB2 /* main.m in Sources */,
			);
			runOnlyForDeploymentPostprocessing = 0;
		};
		D8F6398D1AC4C02E00A1BBB2 /* Sources */ = {
			isa = PBXSourcesBuildPhase;
			buildActionMask = 2147483647;
			files = (
				D8F639981AC4C02E00A1BBB2 /* dontbelate_v01Tests.m in Sources */,
			);
			runOnlyForDeploymentPostprocessing = 0;
		};
/* End PBXSourcesBuildPhase section */

/* Begin PBXTargetDependency section */
		D8F639931AC4C02E00A1BBB2 /* PBXTargetDependency */ = {
			isa = PBXTargetDependency;
			target = D8F639771AC4C02D00A1BBB2 /* dontbelate_v01 */;
			targetProxy = D8F639921AC4C02E00A1BBB2 /* PBXContainerItemProxy */;
		};
/* End PBXTargetDependency section */

/* Begin PBXVariantGroup section */
		D8F639851AC4C02D00A1BBB2 /* Main.storyboard */ = {
			isa = PBXVariantGroup;
			children = (
				D8F639861AC4C02D00A1BBB2 /* Base */,
			);
			name = Main.storyboard;
			sourceTree = "<group>";
		};
		D8F6398A1AC4C02D00A1BBB2 /* LaunchScreen.xib */ = {
			isa = PBXVariantGroup;
			children = (
				D8F6398B1AC4C02D00A1BBB2 /* Base */,
			);
			name = LaunchScreen.xib;
			sourceTree = "<group>";
		};
/* End PBXVariantGroup section */

/* Begin XCBuildConfiguration section */
		D8F639991AC4C02E00A1BBB2 /* Debug */ = {
			isa = XCBuildConfiguration;
			buildSettings = {
				ALWAYS_SEARCH_USER_PATHS = NO;
				CLANG_CXX_LANGUAGE_STANDARD = "gnu++0x";
				CLANG_CXX_LIBRARY = "libc++";
				CLANG_ENABLE_MODULES = YES;
				CLANG_ENABLE_OBJC_ARC = YES;
				CLANG_WARN_BOOL_CONVERSION = YES;
				CLANG_WARN_CONSTANT_CONVERSION = YES;
				CLANG_WARN_DIRECT_OBJC_ISA_USAGE = YES_ERROR;
				CLANG_WARN_EMPTY_BODY = YES;
				CLANG_WARN_ENUM_CONVERSION = YES;
				CLANG_WARN_INT_CONVERSION = YES;
				CLANG_WARN_OBJC_ROOT_CLASS = YES_ERROR;
				CLANG_WARN_UNREACHABLE_CODE = YES;
				CLANG_WARN__DUPLICATE_METHOD_MATCH = YES;
				"CODE_SIGN_IDENTITY[sdk=iphoneos*]" = "iPhone Developer";
				COPY_PHASE_STRIP = NO;
				ENABLE_STRICT_OBJC_MSGSEND = YES;
				GCC_C_LANGUAGE_STANDARD = gnu99;
				GCC_DYNAMIC_NO_PIC = NO;
				GCC_OPTIMIZATION_LEVEL = 0;
				GCC_PREPROCESSOR_DEFINITIONS = (
					"DEBUG=1",
					"$(inherited)",
				);
				GCC_SYMBOLS_PRIVATE_EXTERN = NO;
				GCC_WARN_64_TO_32_BIT_CONVERSION = YES;
				GCC_WARN_ABOUT_RETURN_TYPE = YES_ERROR;
				GCC_WARN_UNDECLARED_SELECTOR = YES;
				GCC_WARN_UNINITIALIZED_AUTOS = YES_AGGRESSIVE;
				GCC_WARN_UNUSED_FUNCTION = YES;
				GCC_WARN_UNUSED_VARIABLE = YES;
				IPHONEOS_DEPLOYMENT_TARGET = 8.1;
				MTL_ENABLE_DEBUG_INFO = YES;
				ONLY_ACTIVE_ARCH = YES;
				SDKROOT = iphoneos;
			};
			name = Debug;
		};
		D8F6399A1AC4C02E00A1BBB2 /* Release */ = {
			isa = XCBuildConfiguration;
			buildSettings = {
				ALWAYS_SEARCH_USER_PATHS = NO;
				CLANG_CXX_LANGUAGE_STANDARD = "gnu++0x";
				CLANG_CXX_LIBRARY = "libc++";
				CLANG_ENABLE_MODULES = YES;
				CLANG_ENABLE_OBJC_ARC = YES;
				CLANG_WARN_BOOL_CONVERSION = YES;
				CLANG_WARN_CONSTANT_CONVERSION = YES;
				CLANG_WARN_DIRECT_OBJC_ISA_USAGE = YES_ERROR;
				CLANG_WARN_EMPTY_BODY = YES;
				CLANG_WARN_ENUM_CONVERSION = YES;
				CLANG_WARN_INT_CONVERSION = YES;
				CLANG_WARN_OBJC_ROOT_CLASS = YES_ERROR;
				CLANG_WARN_UNREACHABLE_CODE = YES;
				CLANG_WARN__DUPLICATE_METHOD_MATCH = YES;
				"CODE_SIGN_IDENTITY[sdk=iphoneos*]" = "iPhone Developer";
				COPY_PHASE_STRIP = YES;
				ENABLE_NS_ASSERTIONS = NO;
				ENABLE_STRICT_OBJC_MSGSEND = YES;
				GCC_C_LANGUAGE_STANDARD = gnu99;
				GCC_WARN_64_TO_32_BIT_CONVERSION = YES;
				GCC_WARN_ABOUT_RETURN_TYPE = YES_ERROR;
				GCC_WARN_UNDECLARED_SELECTOR = YES;
				GCC_WARN_UNINITIALIZED_AUTOS = YES_AGGRESSIVE;
				GCC_WARN_UNUSED_FUNCTION = YES;
				GCC_WARN_UNUSED_VARIABLE = YES;
				IPHONEOS_DEPLOYMENT_TARGET = 8.1;
				MTL_ENABLE_DEBUG_INFO = NO;
				SDKROOT = iphoneos;
				VALIDATE_PRODUCT = YES;
			};
			name = Release;
		};
		D8F6399C1AC4C02E00A1BBB2 /* Debug */ = {
			isa = XCBuildConfiguration;
			buildSettings = {
				ASSETCATALOG_COMPILER_APPICON_NAME = AppIcon;
				INFOPLIST_FILE = dontbelate_v01/Info.plist;
				LD_RUNPATH_SEARCH_PATHS = "$(inherited) @executable_path/Frameworks";
				PRODUCT_NAME = "$(TARGET_NAME)";
			};
			name = Debug;
		};
		D8F6399D1AC4C02E00A1BBB2 /* Release */ = {
			isa = XCBuildConfiguration;
			buildSettings = {
				ASSETCATALOG_COMPILER_APPICON_NAME = AppIcon;
				INFOPLIST_FILE = dontbelate_v01/Info.plist;
				LD_RUNPATH_SEARCH_PATHS = "$(inherited) @executable_path/Frameworks";
				PRODUCT_NAME = "$(TARGET_NAME)";
			};
			name = Release;
		};
		D8F6399F1AC4C02E00A1BBB2 /* Debug */ = {
			isa = XCBuildConfiguration;
			buildSettings = {
				BUNDLE_LOADER = "$(TEST_HOST)";
				FRAMEWORK_SEARCH_PATHS = (
					"$(SDKROOT)/Developer/Library/Frameworks",
					"$(inherited)",
				);
				GCC_PREPROCESSOR_DEFINITIONS = (
					"DEBUG=1",
					"$(inherited)",
				);
				INFOPLIST_FILE = dontbelate_v01Tests/Info.plist;
				LD_RUNPATH_SEARCH_PATHS = "$(inherited) @executable_path/Frameworks @loader_path/Frameworks";
				PRODUCT_NAME = "$(TARGET_NAME)";
				TEST_HOST = "$(BUILT_PRODUCTS_DIR)/dontbelate_v01.app/dontbelate_v01";
			};
			name = Debug;
		};
		D8F639A01AC4C02E00A1BBB2 /* Release */ = {
			isa = XCBuildConfiguration;
			buildSettings = {
				BUNDLE_LOADER = "$(TEST_HOST)";
				FRAMEWORK_SEARCH_PATHS = (
					"$(SDKROOT)/Developer/Library/Frameworks",
					"$(inherited)",
				);
				INFOPLIST_FILE = dontbelate_v01Tests/Info.plist;
				LD_RUNPATH_SEARCH_PATHS = "$(inherited) @executable_path/Frameworks @loader_path/Frameworks";
				PRODUCT_NAME = "$(TARGET_NAME)";
				TEST_HOST = "$(BUILT_PRODUCTS_DIR)/dontbelate_v01.app/dontbelate_v01";
			};
			name = Release;
		};
/* End XCBuildConfiguration section */

/* Begin XCConfigurationList section */
		D8F639731AC4C02D00A1BBB2 /* Build configuration list for PBXProject "dontbelate_v01" */ = {
			isa = XCConfigurationList;
			buildConfigurations = (
				D8F639991AC4C02E00A1BBB2 /* Debug */,
				D8F6399A1AC4C02E00A1BBB2 /* Release */,
			);
			defaultConfigurationIsVisible = 0;
			defaultConfigurationName = Release;
		};
		D8F6399B1AC4C02E00A1BBB2 /* Build configuration list for PBXNativeTarget "dontbelate_v01" */ = {
			isa = XCConfigurationList;
			buildConfigurations = (
				D8F6399C1AC4C02E00A1BBB2 /* Debug */,
				D8F6399D1AC4C02E00A1BBB2 /* Release */,
			);
			defaultConfigurationIsVisible = 0;
		};
		D8F6399E1AC4C02E00A1BBB2 /* Build configuration list for PBXNativeTarget "dontbelate_v01Tests" */ = {
			isa = XCConfigurationList;
			buildConfigurations = (
				D8F6399F1AC4C02E00A1BBB2 /* Debug */,
				D8F639A01AC4C02E00A1BBB2 /* Release */,
			);
			defaultConfigurationIsVisible = 0;
		};
/* End XCConfigurationList section */
	};
	rootObject = D8F639701AC4C02D00A1BBB2 /* Project object */;
}
